
Microsoft Visual Studio Solution File, Format Version 12.00
# Visual Studio Version 16
VisualStudioVersion = 16.0.30320.27
MinimumVisualStudioVersion = 10.0.40219.1
Project("{FAE04EC0-301F-11D3-BF4B-00C04F79EFBC}") = "CountryInfoAppUI", "CountryInfoAppUI\CountryInfoAppUI.csproj", "{C6A266F2-E9BA-49CD-AC2C-58B941331621}"
EndProject
Project("{FAE04EC0-301F-11D3-BF4B-00C04F79EFBC}") = "DataAccessLayer", "DataAccessLayer\DataAccessLayer.csproj", "{36DEF4F9-A5EF-4D4C-B58A-16B6C0B190E9}"
EndProject
Project("{FAE04EC0-301F-11D3-BF4B-00C04F79EFBC}") = "BusinessLogicLayer", "BusinessLogicLayer\BusinessLogicLayer.csproj", "{850B716D-9CA6-4AF7-90D4-7E6344374CF0}"
EndProject
Global
	GlobalSection(SolutionConfigurationPlatforms) = preSolution
		Debug|Any CPU = Debug|Any CPU
		Release|Any CPU = Release|Any CPU
	EndGlobalSection
	GlobalSection(ProjectConfigurationPlatforms) = postSolution
		{C6A266F2-E9BA-49CD-AC2C-58B941331621}.Debug|Any CPU.ActiveCfg = Debug|Any CPU
		{C6A266F2-E9BA-49CD-AC2C-58B941331621}.Debug|Any CPU.Build.0 = Debug|Any CPU
		{C6A266F2-E9BA-49CD-AC2C-58B941331621}.Release|Any CPU.ActiveCfg = Release|Any CPU
		{C6A266F2-E9BA-49CD-AC2C-58B941331621}.Release|Any CPU.Build.0 = Release|Any CPU
		{36DEF4F9-A5EF-4D4C-B58A-16B6C0B190E9}.Debug|Any CPU.ActiveCfg = Debug|Any CPU
		{36DEF4F9-A5EF-4D4C-B58A-16B6C0B190E9}.Debug|Any CPU.Build.0 = Debug|Any CPU
		{36DEF4F9-A5EF-4D4C-B58A-16B6C0B190E9}.Release|Any CPU.ActiveCfg = Release|Any CPU
		{36DEF4F9-A5EF-4D4C-B58A-16B6C0B190E9}.Release|Any CPU.Build.0 = Release|Any CPU
		{850B716D-9CA6-4AF7-90D4-7E6344374CF0}.Debug|Any CPU.ActiveCfg = Debug|Any CPU
		{850B716D-9CA6-4AF7-90D4-7E6344374CF0}.Debug|Any CPU.Build.0 = Debug|Any CPU
		{850B716D-9CA6-4AF7-90D4-7E6344374CF0}.Release|Any CPU.ActiveCfg = Release|Any CPU
		{850B716D-9CA6-4AF7-90D4-7E6344374CF0}.Release|Any CPU.Build.0 = Release|Any CPU
	EndGlobalSection
	GlobalSection(SolutionProperties) = preSolution
		HideSolutionNode = FALSE
	EndGlobalSection
	GlobalSection(ExtensibilityGlobals) = postSolution
		SolutionGuid = {B648192A-D2DE-477F-BAC7-E805D5742B6F}
	EndGlobalSection
EndGlobal
